{
    "api-platform/core": {
        "version": "2.1",
        "recipe": {
            "repo": "github.com/symfony/recipes",
            "branch": "master",
            "version": "2.1",
            "ref": "b50f8aa321cc40c380dda7605aa5cef66f476802"
        }
    },
    "aws/aws-sdk-php": {
        "version": "3.55.8"
    },
    "behat/behat": {
        "version": "v3.4.3"
    },
    "behat/gherkin": {
        "version": "v4.5.1"
    },
    "behat/mink": {
        "version": "v1.7.1"
    },
    "behat/mink-browserkit-driver": {
        "version": "1.3.3"
    },
    "behat/mink-extension": {
        "version": "2.3.1"
    },
    "behat/mink-goutte-driver": {
        "version": "v1.2.1"
    },
    "behat/mink-selenium2-driver": {
        "version": "v1.3.1"
    },
    "behat/symfony2-extension": {
        "version": "2.1",
        "recipe": {
            "repo": "github.com/symfony/recipes",
            "branch": "master",
            "version": "2.1",
            "ref": "6b63fb76d3bb2dd16098f12adf6d6ca844e21862"
        }
    },
    "behat/transliterator": {
        "version": "v1.2.0"
    },
    "behatch/contexts": {
        "version": "2.8.1"
    },
    "clue/stream-filter": {
        "version": "v1.4.0"
    },
    "composer/ca-bundle": {
        "version": "1.1.1"
    },
    "composer/semver": {
        "version": "1.4.2"
    },
    "consolidation/annotated-command": {
        "version": "2.8.3"
    },
    "consolidation/config": {
        "version": "1.0.9"
    },
    "consolidation/log": {
        "version": "1.0.5"
    },
    "consolidation/output-formatters": {
        "version": "3.2.0"
    },
    "consolidation/robo": {
        "version": "1.2.3"
    },
    "container-interop/container-interop": {
        "version": "1.2.0"
    },
    "ddmaster/postgre-search-bundle": {
        "version": "dev-master"
    },
    "devinci/devinci-behat-extension": {
        "version": "dev-master"
    },
    "dflydev/dot-access-data": {
        "version": "v1.1.0"
    },
    "dmore/behat-chrome-extension": {
        "version": "1.1.0"
    },
    "dmore/chrome-mink-driver": {
        "version": "2.6.2"
    },
    "doctrine/annotations": {
        "version": "1.0",
        "recipe": {
            "repo": "github.com/symfony/recipes",
            "branch": "master",
            "version": "1.0",
            "ref": "cb4152ebcadbe620ea2261da1a1c5a9b8cea7672"
        }
    },
    "doctrine/cache": {
        "version": "v1.7.1"
    },
    "doctrine/collections": {
        "version": "v1.5.0"
    },
    "doctrine/common": {
        "version": "v2.8.1"
    },
    "doctrine/data-fixtures": {
        "version": "v1.3.1"
    },
    "doctrine/dbal": {
        "version": "v2.7.1"
    },
    "doctrine/doctrine-bundle": {
        "version": "1.6",
        "recipe": {
            "repo": "github.com/symfony/recipes",
            "branch": "master",
            "version": "1.6",
            "ref": "ae205d5114e719deb64d2110f56ef910787d1e04"
        }
    },
    "doctrine/doctrine-cache-bundle": {
        "version": "1.3.3"
    },
    "doctrine/doctrine-migrations-bundle": {
        "version": "1.2",
        "recipe": {
            "repo": "github.com/symfony/recipes",
            "branch": "master",
            "version": "1.2",
            "ref": "c1431086fec31f17fbcfe6d6d7e92059458facc1"
        }
    },
    "doctrine/inflector": {
        "version": "v1.3.0"
    },
    "doctrine/instantiator": {
        "version": "1.1.0"
    },
    "doctrine/lexer": {
        "version": "v1.0.1"
    },
    "doctrine/migrations": {
        "version": "v1.7.1"
    },
    "doctrine/orm": {
        "version": "v2.6.1"
    },
    "dunglas/doctrine-json-odm": {
        "version": "v0.1.1"
    },
    "endroid/qrcode": {
        "version": "1.9.3"
    },
    "enqueue/amqp-lib": {
        "version": "0.8",
        "recipe": {
            "repo": "github.com/symfony/recipes-contrib",
            "branch": "master",
            "version": "0.8",
            "ref": "72ee4a32f1b49a3b87fbb47e1c6b308c22d409ff"
        }
    },
    "enqueue/amqp-tools": {
        "version": "0.8.x-dev"
    },
    "enqueue/async-event-dispatcher": {
        "version": "0.7",
        "recipe": {
            "repo": "github.com/symfony/recipes-contrib",
            "branch": "master",
            "version": "0.7",
            "ref": "9e937ccb79e08b978f91fb816d4e6d645813113a"
        }
    },
    "enqueue/enqueue": {
        "version": "0.8.28"
    },
    "enqueue/enqueue-bundle": {
        "version": "0.4",
        "recipe": {
            "repo": "github.com/symfony/recipes-contrib",
            "branch": "master",
            "version": "0.4",
            "ref": "daaea0035c3abd612f71f0288d5c20197c3c34ad"
        }
    },
    "enqueue/null": {
        "version": "0.8.x-dev"
    },
    "excelwebzone/recaptcha-bundle": {
        "version": "v1.5.6"
    },
    "fabpot/goutte": {
        "version": "v3.2.2"
    },
    "friends-of-behat/performance-extension": {
        "version": "v1.0.2"
    },
    "friendsofphp/php-cs-fixer": {
        "version": "2.2",
        "recipe": {
            "repo": "github.com/symfony/recipes",
            "branch": "master",
            "version": "2.2",
            "ref": "81dee417d2cc60cd1c9d6208dff2ec22a1103e93"
        }
    },
    "friendsofsymfony/user-bundle": {
        "version": "v2.1.2"
    },
    "fzaninotto/faker": {
        "version": "v1.7.1"
    },
    "gedmo/doctrine-extensions": {
        "version": "v2.4.34"
    },
    "geocoder-php/chain-provider": {
        "version": "4.0.0"
    },
    "geocoder-php/geoip2-provider": {
        "version": "4.0.1"
    },
    "geocoder-php/plugin": {
        "version": "1.0.0"
    },
    "geoip2/geoip2": {
        "version": "v2.9.0"
    },
    "giggsey/libphonenumber-for-php": {
        "version": "8.9.5"
    },
    "giggsey/locale": {
        "version": "1.5"
    },
    "grasmash/expander": {
        "version": "1.0.0"
    },
    "grasmash/yaml-expander": {
        "version": "1.4.0"
    },
    "guzzlehttp/guzzle": {
        "version": "6.3.3"
    },
    "guzzlehttp/promises": {
        "version": "v1.3.1"
    },
    "guzzlehttp/psr7": {
        "version": "1.4.2"
    },
    "happyr/doctrine-specification": {
        "version": "0.7.2"
    },
    "hautelook/alice-bundle": {
        "version": "1.4",
        "recipe": {
            "repo": "github.com/symfony/recipes-contrib",
            "branch": "master",
            "version": "1.4",
            "ref": "3447d538661064626c782b1122a14defa48dc0b1"
        }
    },
    "imagine/imagine": {
        "version": "v0.7.1"
    },
    "instaclick/php-webdriver": {
        "version": "1.4.5"
    },
    "instasent/sms-counter-php": {
        "version": "v0.3.0"
    },
    "ircmaxell/password-compat": {
        "version": "v1.0.4"
    },
    "jarnaiz/behat-junit-formatter": {
        "version": "v1.3.2"
    },
    "jdorn/sql-formatter": {
        "version": "v1.2.17"
    },
    "jean85/pretty-package-versions": {
        "version": "1.1"
    },
    "justinrainbow/json-schema": {
        "version": "5.2.7"
    },
    "league/container": {
        "version": "2.4.1"
    },
    "league/csv": {
        "version": "9.1.4"
    },
    "lexik/jwt-authentication-bundle": {
        "version": "2.3",
        "recipe": {
            "repo": "github.com/symfony/recipes",
            "branch": "master",
            "version": "2.3",
            "ref": "a66e8a7b75a1825cf2414d5dd53c7ed38c8654d1"
        }
    },
    "liip/functional-test-bundle": {
        "version": "1.9.4"
    },
    "lysenkobv/maxmind-geolite2-database": {
        "version": "1.0.3"
    },
    "mailgun/mailgun-php": {
        "version": "2.3",
        "recipe": {
            "repo": "github.com/symfony/recipes-contrib",
            "branch": "master",
            "version": "2.3",
            "ref": "d3188b6cdc58f877ef2884b55ac4798640b4b9be"
        }
    },
    "marcw/cccn": {
        "version": "1.0.0"
    },
    "marcw/rss-writer": {
        "version": "0.3.3"
    },
    "marcw/validator": {
        "version": "1.3.0"
    },
    "maxmind-db/reader": {
        "version": "v1.3.0"
    },
    "maxmind/web-service-common": {
        "version": "v0.5.0"
    },
    "misd/phone-number-bundle": {
        "version": "v1.3.2"
    },
    "monolog/monolog": {
        "version": "1.23.0"
    },
    "mtdowling/jmespath.php": {
        "version": "2.4.0"
    },
    "mustangostang/spyc": {
        "version": "0.6.2"
    },
    "myclabs/deep-copy": {
        "version": "1.7.0"
    },
    "namshi/jose": {
        "version": "7.2.3"
    },
    "nelmio/alice": {
        "version": "3.2",
        "recipe": {
            "repo": "github.com/symfony/recipes-contrib",
            "branch": "master",
            "version": "3.2",
            "ref": "5ef2976310e8f9621c1a722a73bfbe115c1559a3"
        }
    },
    "nelmio/cors-bundle": {
        "version": "1.5",
        "recipe": {
            "repo": "github.com/symfony/recipes",
            "branch": "master",
            "version": "1.5",
            "ref": "7b6cbc842f8cd3d550815247d12294f6f304a8c4"
        }
    },
    "nette/bootstrap": {
        "version": "v2.4.5"
    },
    "nette/di": {
        "version": "v2.4.11"
    },
    "nette/finder": {
        "version": "v2.4.1"
    },
    "nette/neon": {
        "version": "v2.4.2"
    },
    "nette/php-generator": {
        "version": "v3.0.4"
    },
    "nette/robot-loader": {
        "version": "v3.0.3"
    },
    "nette/utils": {
        "version": "v2.5.2"
    },
    "nikic/php-parser": {
        "version": "v3.1.5"
    },
    "ocramius/package-versions": {
        "version": "1.3.0"
    },
    "ocramius/proxy-manager": {
        "version": "2.2.0"
    },
    "opsway/doctrine-dbal-postgresql": {
        "version": "v0.7.4"
    },
    "oro/doctrine-extensions": {
        "version": "1.2.0"
    },
    "paragonie/random_compat": {
        "version": "v2.0.12"
    },
    "php-amqplib/php-amqplib": {
        "version": "v2.7.2"
    },
    "php-cs-fixer/diff": {
        "version": "v1.3.0"
    },
    "php-http/cache-plugin": {
        "version": "v1.5.0"
    },
    "php-http/client-common": {
        "version": "1.7.0"
    },
    "php-http/discovery": {
        "version": "1.4.0"
    },
    "php-http/guzzle6-adapter": {
        "version": "v1.1.1"
    },
    "php-http/httplug": {
        "version": "v1.1.0"
    },
    "php-http/httplug-bundle": {
        "version": "1.6",
        "recipe": {
            "repo": "github.com/symfony/recipes",
            "branch": "master",
            "version": "1.6",
            "ref": "4655962c64e2de96c418caf576c57215711c7877"
        }
    },
    "php-http/logger-plugin": {
        "version": "v1.0.0"
    },
    "php-http/message": {
        "version": "1.6.0"
    },
    "php-http/message-factory": {
        "version": "v1.0.2"
    },
    "php-http/multipart-stream-builder": {
        "version": "1.0.0"
    },
    "php-http/promise": {
        "version": "v1.0.0"
    },
    "php-http/stopwatch-plugin": {
        "version": "1.1.0"
    },
    "phpdocumentor/reflection-common": {
        "version": "1.0.1"
    },
    "phpdocumentor/reflection-docblock": {
        "version": "4.3.0"
    },
    "phpdocumentor/type-resolver": {
        "version": "0.4.0"
    },
    "phpspec/prophecy": {
        "version": "1.7.6"
    },
    "phpstan/phpdoc-parser": {
        "version": "0.2"
    },
    "phpstan/phpstan": {
        "version": "0.9.2"
    },
    "phpstan/phpstan-doctrine": {
        "version": "0.9.1"
    },
    "phpunit/php-code-coverage": {
        "version": "4.0.8"
    },
    "phpunit/php-file-iterator": {
        "version": "1.4.5"
    },
    "phpunit/php-text-template": {
        "version": "1.2.1"
    },
    "phpunit/php-timer": {
        "version": "1.0.9"
    },
    "phpunit/php-token-stream": {
        "version": "2.0.2"
    },
    "phpunit/phpunit": {
        "version": "4.7",
        "recipe": {
            "repo": "github.com/symfony/recipes",
            "branch": "master",
            "version": "4.7",
            "ref": "c276fa48d4713de91eb410289b3b1834acb7e403"
        }
    },
    "phpunit/phpunit-mock-objects": {
        "version": "3.4.4"
    },
    "piwik/device-detector": {
        "version": "3.10.2"
    },
    "piwik/referrer-spam-blacklist": {
        "version": "dev-master"
    },
    "psr/cache": {
        "version": "1.0.1"
    },
    "psr/container": {
        "version": "1.0.0"
    },
    "psr/http-message": {
        "version": "1.0.1"
    },
    "psr/log": {
        "version": "1.0.2"
    },
    "psr/simple-cache": {
        "version": "1.0.1"
    },
    "queue-interop/amqp-interop": {
        "version": "0.7.3"
    },
    "queue-interop/queue-interop": {
        "version": "0.6.1"
    },
    "ramsey/uuid": {
        "version": "3.7.3"
    },
    "roave/security-advisories": {
        "version": "dev-master"
    },
    "sebastian/code-unit-reverse-lookup": {
        "version": "1.0.1"
    },
    "sebastian/comparator": {
        "version": "1.2.4"
    },
    "sebastian/diff": {
        "version": "1.4.3"
    },
    "sebastian/environment": {
        "version": "2.0.0"
    },
    "sebastian/exporter": {
        "version": "2.0.0"
    },
    "sebastian/global-state": {
        "version": "1.1.1"
    },
    "sebastian/object-enumerator": {
        "version": "2.0.1"
    },
    "sebastian/recursion-context": {
        "version": "2.0.0"
    },
    "sebastian/resource-operations": {
        "version": "1.0.0"
    },
    "sebastian/version": {
        "version": "2.0.1"
    },
    "sensio/distribution-bundle": {
        "version": "v5.0.21"
    },
    "sensio/framework-extra-bundle": {
        "version": "v3.0.29"
    },
    "sensiolabs/security-checker": {
        "version": "4.0",
        "recipe": {
            "repo": "github.com/symfony/recipes",
            "branch": "master",
            "version": "4.0",
            "ref": "421933bf8f0e75546ac8e00cb3eb12904fa2ac1a"
        }
    },
    "snowplow/referer-parser": {
        "version": "0.2.0"
    },
    "stof/doctrine-extensions-bundle": {
        "version": "1.2",
        "recipe": {
            "repo": "github.com/symfony/recipes-contrib",
            "branch": "master",
            "version": "1.2",
            "ref": "6c1ceb662f8997085f739cd089bfbef67f245983"
        }
    },
    "swiftmailer/swiftmailer": {
        "version": "v5.4.9"
    },
    "sylius/mailer": {
        "version": "v1.0.0-beta.3"
    },
    "sylius/mailer-bundle": {
        "version": "v1.0.0-beta.3"
    },
    "symfony/asset": {
        "version": "v3.4.9"
    },
    "symfony/browser-kit": {
        "version": "v4.0.9"
    },
    "symfony/cache": {
        "version": "v4.0.9"
    },
    "symfony/class-loader": {
        "version": "v3.4.9"
    },
    "symfony/config": {
        "version": "v3.4.9"
    },
    "symfony/console": {
        "version": "3.3",
        "recipe": {
            "repo": "github.com/symfony/recipes",
            "branch": "master",
            "version": "3.3",
            "ref": "e3868d2f4a5104f19f844fe551099a00c6562527"
        }
    },
    "symfony/css-selector": {
        "version": "v3.4.9"
    },
    "symfony/debug": {
        "version": "v4.0.9"
    },
    "symfony/debug-bundle": {
        "version": "3.3",
        "recipe": {
            "repo": "github.com/symfony/recipes",
            "branch": "master",
            "version": "3.3",
            "ref": "71d29aaf710fd59cd3abff2b1ade907ed73103c6"
        }
    },
    "symfony/dependency-injection": {
        "version": "v3.4.9"
    },
    "symfony/doctrine-bridge": {
        "version": "v4.0.9"
    },
    "symfony/dom-crawler": {
        "version": "v4.0.9"
    },
    "symfony/dotenv": {
        "version": "v3.4.9"
    },
    "symfony/event-dispatcher": {
        "version": "v4.0.9"
    },
    "symfony/expression-language": {
        "version": "v3.4.9"
    },
    "symfony/filesystem": {
        "version": "v3.4.9"
    },
    "symfony/finder": {
        "version": "v4.0.9"
    },
    "symfony/flex": {
        "version": "1.0",
        "recipe": {
            "repo": "github.com/symfony/recipes",
            "branch": "master",
            "version": "1.0",
            "ref": "cc1afd81841db36fbef982fe56b48ade6716fac4"
        }
    },
    "symfony/form": {
        "version": "v4.0.9"
    },
    "symfony/framework-bundle": {
        "version": "3.3",
        "recipe": {
            "repo": "github.com/symfony/recipes",
            "branch": "master",
            "version": "3.3",
            "ref": "8a2f7fa50a528f0aad1d7a87ae3730c981b367ce"
        }
    },
    "symfony/http-foundation": {
        "version": "v4.0.9"
    },
    "symfony/http-kernel": {
        "version": "v3.4.9"
    },
    "symfony/inflector": {
        "version": "v4.0.9"
    },
    "symfony/intl": {
        "version": "v4.0.9"
    },
    "symfony/monolog-bridge": {
        "version": "v4.0.9"
    },
    "symfony/monolog-bundle": {
        "version": "3.1",
        "recipe": {
            "repo": "github.com/symfony/recipes",
            "branch": "master",
            "version": "3.1",
            "ref": "371d1a2b69984710646b09a1182ef1d4308c904f"
        }
    },
    "symfony/options-resolver": {
        "version": "v3.4.9"
    },
    "symfony/phpunit-bridge": {
        "version": "3.3",
        "recipe": {
            "repo": "github.com/symfony/recipes",
            "branch": "master",
            "version": "3.3",
            "ref": "179470cb6492db92dffee208cfdb436f175c93b4"
        }
    },
    "symfony/polyfill": {
        "version": "v1.8.0"
    },
    "symfony/process": {
        "version": "v3.4.9"
    },
    "symfony/property-access": {
        "version": "v4.0.9"
    },
    "symfony/property-info": {
        "version": "v4.0.9"
    },
    "symfony/routing": {
        "version": "4.0",
        "recipe": {
            "repo": "github.com/symfony/recipes",
            "branch": "master",
            "version": "4.0",
            "ref": "cda8b550123383d25827705d05a42acf6819fe4e"
        }
    },
    "symfony/security": {
        "version": "v4.0.9"
    },
    "symfony/security-bundle": {
        "version": "3.3",
        "recipe": {
            "repo": "github.com/symfony/recipes",
            "branch": "master",
            "version": "3.3",
            "ref": "f8a63faa0d9521526499c0a8f403c9964ecb0527"
        }
    },
    "symfony/serializer": {
        "version": "v4.0.9"
    },
    "symfony/stopwatch": {
        "version": "v4.0.9"
    },
    "symfony/swiftmailer-bundle": {
        "version": "2.5",
        "recipe": {
            "repo": "github.com/symfony/recipes",
            "branch": "master",
            "version": "2.5",
            "ref": "3db029c03e452b4a23f7fc45cec7c922c2247eb8"
        }
    },
    "symfony/templating": {
        "version": "v3.4.9"
    },
    "symfony/translation": {
        "version": "3.3",
        "recipe": {
            "repo": "github.com/symfony/recipes",
            "branch": "master",
            "version": "3.3",
            "ref": "6bcd6c570c017ea6ae5a7a6a027c929fd3542cd8"
        }
    },
    "symfony/twig-bridge": {
        "version": "v4.0.9"
    },
    "symfony/twig-bundle": {
        "version": "3.3",
        "recipe": {
            "repo": "github.com/symfony/recipes",
            "branch": "master",
            "version": "3.3",
            "ref": "f75ac166398e107796ca94cc57fa1edaa06ec47f"
        }
    },
    "symfony/validator": {
        "version": "v3.4.9"
    },
    "symfony/var-dumper": {
        "version": "v4.0.9"
    },
    "symfony/web-profiler-bundle": {
        "version": "3.3",
        "recipe": {
            "repo": "github.com/symfony/recipes",
            "branch": "master",
            "version": "3.3",
            "ref": "6bdfa1a95f6b2e677ab985cd1af2eae35d62e0f6"
        }
    },
    "symfony/web-server-bundle": {
        "version": "3.3",
        "recipe": {
            "repo": "github.com/symfony/recipes",
            "branch": "master",
            "version": "3.3",
            "ref": "dae9b39fd6717970be7601101ce5aa960bf53d9a"
        }
    },
    "symfony/yaml": {
        "version": "v3.4.9"
    },
    "textalk/websocket": {
        "version": "1.2.0"
    },
    "theofidry/alice-data-fixtures": {
        "version": "v1.0.1"
    },
    "thepixeldeveloper/sitemap": {
        "version": "4.5.5"
    },
    "tijsverkoyen/css-to-inline-styles": {
        "version": "2.2.1"
    },
    "twig/twig": {
        "version": "v2.4.8"
    },
    "umpirsky/country-list": {
        "version": "2.0.4"
    },
    "umpirsky/language-list": {
        "version": "dev-master"
    },
    "voku/portable-utf8": {
        "version": "3.1.30"
    },
    "webmozart/assert": {
        "version": "1.3.0"
    },
    "wikimedia/composer-merge-plugin": {
        "version": "v1.4.1"
    },
    "willdurand/geocoder": {
        "version": "4.2.0"
    },
    "willdurand/geocoder-bundle": {
        "version": "5.0",
        "recipe": {
            "repo": "github.com/symfony/recipes-contrib",
            "branch": "master",
            "version": "5.0",
            "ref": "b272ad4fbfcd45a20e7cbfdc4ad1b0e27a62fd3b"
        }
    },
    "willdurand/negotiation": {
        "version": "v2.3.1"
    },
    "zendframework/zend-code": {
        "version": "3.3.0"
    },
    "zendframework/zend-eventmanager": {
        "version": "3.2.0"
    }
}
